
Microsoft Visual Studio Solution File, Format Version 12.00
# Visual Studio Version 16
VisualStudioVersion = 16.0.31313.79
MinimumVisualStudioVersion = 10.0.40219.1
Project("{FAE04EC0-301F-11D3-BF4B-00C04F79EFBC}") = "P1 Ideal Gas Law Calc", "P1 Ideal Gas Law Calc\P1 Ideal Gas Law Calc.csproj", "{F9198CA7-2E7C-450A-9398-AB26CAD4FBED}"
EndProject
Global
	GlobalSection(SolutionConfigurationPlatforms) = preSolution
		Debug|Any CPU = Debug|Any CPU
		Release|Any CPU = Release|Any CPU
	EndGlobalSection
	GlobalSection(ProjectConfigurationPlatforms) = postSolution
		{F9198CA7-2E7C-450A-9398-AB26CAD4FBED}.Debug|Any CPU.ActiveCfg = Debug|Any CPU
		{F9198CA7-2E7C-450A-9398-AB26CAD4FBED}.Debug|Any CPU.Build.0 = Debug|Any CPU
		{F9198CA7-2E7C-450A-9398-AB26CAD4FBED}.Release|Any CPU.ActiveCfg = Release|Any CPU
		{F9198CA7-2E7C-450A-9398-AB26CAD4FBED}.Release|Any CPU.Build.0 = Release|Any CPU
	EndGlobalSection
	GlobalSection(SolutionProperties) = preSolution
		HideSolutionNode = FALSE
	EndGlobalSection
	GlobalSection(ExtensibilityGlobals) = postSolution
		SolutionGuid = {5B2A403A-2089-4CCF-A174-835915E55C89}
	EndGlobalSection
EndGlobal
